
Microsoft Visual Studio Solution File, Format Version 12.00
Project("{FAE04EC0-301F-11D3-BF4B-00C04F79EFBC}") = "iCampus.MobileApp", "iCampus.MobileApp\iCampus.MobileApp.csproj", "{933F71AF-8AA4-4125-A9F4-08E6BC589E80}"
EndProject
Global
	GlobalSection(SolutionConfigurationPlatforms) = preSolution
		Debug|Any CPU = Debug|Any CPU
		Release|Any CPU = Release|Any CPU
	EndGlobalSection
	GlobalSection(ProjectConfigurationPlatforms) = postSolution
		{933F71AF-8AA4-4125-A9F4-08E6BC589E80}.Debug|Any CPU.ActiveCfg = Debug|Any CPU
		{933F71AF-8AA4-4125-A9F4-08E6BC589E80}.Debug|Any CPU.Build.0 = Debug|Any CPU
		{933F71AF-8AA4-4125-A9F4-08E6BC589E80}.Release|Any CPU.ActiveCfg = Release|Any CPU
		{933F71AF-8AA4-4125-A9F4-08E6BC589E80}.Release|Any CPU.Build.0 = Release|Any CPU
	EndGlobalSection
EndGlobal
